
Microsoft Visual Studio Solution File, Format Version 12.00
Project("{FAE04EC0-301F-11D3-BF4B-00C04F79EFBC}") = "RPNCalculatorCore", "RPNCalculatorCore.csproj", "{0D2B12CA-1727-4EB2-9A90-809776205EF2}"
EndProject
Project("{FAE04EC0-301F-11D3-BF4B-00C04F79EFBC}") = "RPNCalculatorCoreTests", "..\RPNCalculatorCoreTests\RPNCalculatorCoreTests.csproj", "{32523AD2-6CFF-4EEC-9DCB-806425DBA972}"
EndProject
Global
	GlobalSection(SolutionConfigurationPlatforms) = preSolution
		Debug|Any CPU = Debug|Any CPU
		Release|Any CPU = Release|Any CPU
	EndGlobalSection
	GlobalSection(ProjectConfigurationPlatforms) = postSolution
		{0D2B12CA-1727-4EB2-9A90-809776205EF2}.Debug|Any CPU.ActiveCfg = Debug|Any CPU
		{0D2B12CA-1727-4EB2-9A90-809776205EF2}.Debug|Any CPU.Build.0 = Debug|Any CPU
		{0D2B12CA-1727-4EB2-9A90-809776205EF2}.Release|Any CPU.ActiveCfg = Release|Any CPU
		{0D2B12CA-1727-4EB2-9A90-809776205EF2}.Release|Any CPU.Build.0 = Release|Any CPU
		{32523AD2-6CFF-4EEC-9DCB-806425DBA972}.Debug|Any CPU.ActiveCfg = Debug|Any CPU
		{32523AD2-6CFF-4EEC-9DCB-806425DBA972}.Debug|Any CPU.Build.0 = Debug|Any CPU
		{32523AD2-6CFF-4EEC-9DCB-806425DBA972}.Release|Any CPU.ActiveCfg = Release|Any CPU
		{32523AD2-6CFF-4EEC-9DCB-806425DBA972}.Release|Any CPU.Build.0 = Release|Any CPU
	EndGlobalSection
EndGlobal
